// !$*UTF8*$!
{
	archiveVersion = 1;
	classes = {
	};
	objectVersion = 46;
	objects = {

/* Begin PBXBuildFile section */
		E828A3311C7CAF510048A472 /* HomeViewController.m in Sources */ = {isa = PBXBuildFile; fileRef = E828A3301C7CAF510048A472 /* HomeViewController.m */; };
		E8513F511C7C9BA700C29D6C /* NSDateFormatter+WorkMailApp.m in Sources */ = {isa = PBXBuildFile; fileRef = E8513F501C7C9BA700C29D6C /* NSDateFormatter+WorkMailApp.m */; };
		E8513F531C7C9DF300C29D6C /* MessageUI.framework in Frameworks */ = {isa = PBXBuildFile; fileRef = E8513F521C7C9DF300C29D6C /* MessageUI.framework */; };
		E8513F5A1C7C9FE900C29D6C /* MailTextComposer.m in Sources */ = {isa = PBXBuildFile; fileRef = E8513F591C7C9FE900C29D6C /* MailTextComposer.m */; };
		E8513F5E1C7CA94900C29D6C /* Preferences.m in Sources */ = {isa = PBXBuildFile; fileRef = E8513F5D1C7CA94900C29D6C /* Preferences.m */; };
		E885DF591C7C8BDF008E4F3B /* MailTextComposerViewController.m in Sources */ = {isa = PBXBuildFile; fileRef = E885DF581C7C8BDF008E4F3B /* MailTextComposerViewController.m */; };
		E885DF641C7C90FC008E4F3B /* DatePickerView.m in Sources */ = {isa = PBXBuildFile; fileRef = E885DF621C7C90FC008E4F3B /* DatePickerView.m */; };
		E885DF651C7C90FC008E4F3B /* DatePickerView.xib in Resources */ = {isa = PBXBuildFile; fileRef = E885DF631C7C90FC008E4F3B /* DatePickerView.xib */; };
		E899299F1C7C8192006B3631 /* main.m in Sources */ = {isa = PBXBuildFile; fileRef = E899299E1C7C8192006B3631 /* main.m */; };
		E89929A21C7C8192006B3631 /* AppDelegate.m in Sources */ = {isa = PBXBuildFile; fileRef = E89929A11C7C8192006B3631 /* AppDelegate.m */; };
		E89929A81C7C8192006B3631 /* Main.storyboard in Resources */ = {isa = PBXBuildFile; fileRef = E89929A61C7C8192006B3631 /* Main.storyboard */; };
		E89929AA1C7C8192006B3631 /* Assets.xcassets in Resources */ = {isa = PBXBuildFile; fileRef = E89929A91C7C8192006B3631 /* Assets.xcassets */; };
		E89929AD1C7C8192006B3631 /* LaunchScreen.storyboard in Resources */ = {isa = PBXBuildFile; fileRef = E89929AB1C7C8192006B3631 /* LaunchScreen.storyboard */; };
		EDE2D0011C7D2505006D0384 /* WorkMailDelayUITests.m in Sources */ = {isa = PBXBuildFile; fileRef = EDE2D0001C7D2505006D0384 /* WorkMailDelayUITests.m */; };
/* End PBXBuildFile section */

/* Begin PBXContainerItemProxy section */
		EDE2CFFB1C7D241D006D0384 /* PBXContainerItemProxy */ = {
			isa = PBXContainerItemProxy;
			containerPortal = E89929921C7C8192006B3631 /* Project object */;
			proxyType = 1;
			remoteGlobalIDString = E89929991C7C8192006B3631;
			remoteInfo = WorkMailApp;
		};
/* End PBXContainerItemProxy section */

/* Begin PBXFileReference section */
		E828A32F1C7CAF510048A472 /* HomeViewController.h */ = {isa = PBXFileReference; fileEncoding = 4; lastKnownFileType = sourcecode.c.h; path = HomeViewController.h; sourceTree = "<group>"; };
		E828A3301C7CAF510048A472 /* HomeViewController.m */ = {isa = PBXFileReference; fileEncoding = 4; lastKnownFileType = sourcecode.c.objc; path = HomeViewController.m; sourceTree = "<group>"; };
		E8513F4F1C7C9BA700C29D6C /* NSDateFormatter+WorkMailApp.h */ = {isa = PBXFileReference; fileEncoding = 4; lastKnownFileType = sourcecode.c.h; path = "NSDateFormatter+WorkMailApp.h"; sourceTree = "<group>"; };
		E8513F501C7C9BA700C29D6C /* NSDateFormatter+WorkMailApp.m */ = {isa = PBXFileReference; fileEncoding = 4; lastKnownFileType = sourcecode.c.objc; path = "NSDateFormatter+WorkMailApp.m"; sourceTree = "<group>"; };
		E8513F521C7C9DF300C29D6C /* MessageUI.framework */ = {isa = PBXFileReference; lastKnownFileType = wrapper.framework; name = MessageUI.framework; path = System/Library/Frameworks/MessageUI.framework; sourceTree = SDKROOT; };
		E8513F581C7C9FE900C29D6C /* MailTextComposer.h */ = {isa = PBXFileReference; fileEncoding = 4; lastKnownFileType = sourcecode.c.h; path = MailTextComposer.h; sourceTree = "<group>"; };
		E8513F591C7C9FE900C29D6C /* MailTextComposer.m */ = {isa = PBXFileReference; fileEncoding = 4; lastKnownFileType = sourcecode.c.objc; path = MailTextComposer.m; sourceTree = "<group>"; };
		E8513F5C1C7CA94900C29D6C /* Preferences.h */ = {isa = PBXFileReference; fileEncoding = 4; lastKnownFileType = sourcecode.c.h; path = Preferences.h; sourceTree = "<group>"; };
		E8513F5D1C7CA94900C29D6C /* Preferences.m */ = {isa = PBXFileReference; fileEncoding = 4; lastKnownFileType = sourcecode.c.objc; path = Preferences.m; sourceTree = "<group>"; };
		E885DF571C7C8BDF008E4F3B /* MailTextComposerViewController.h */ = {isa = PBXFileReference; fileEncoding = 4; lastKnownFileType = sourcecode.c.h; path = MailTextComposerViewController.h; sourceTree = "<group>"; };
		E885DF581C7C8BDF008E4F3B /* MailTextComposerViewController.m */ = {isa = PBXFileReference; fileEncoding = 4; lastKnownFileType = sourcecode.c.objc; path = MailTextComposerViewController.m; sourceTree = "<group>"; };
		E885DF611C7C90FC008E4F3B /* DatePickerView.h */ = {isa = PBXFileReference; fileEncoding = 4; lastKnownFileType = sourcecode.c.h; path = DatePickerView.h; sourceTree = "<group>"; };
		E885DF621C7C90FC008E4F3B /* DatePickerView.m */ = {isa = PBXFileReference; fileEncoding = 4; lastKnownFileType = sourcecode.c.objc; path = DatePickerView.m; sourceTree = "<group>"; };
		E885DF631C7C90FC008E4F3B /* DatePickerView.xib */ = {isa = PBXFileReference; fileEncoding = 4; lastKnownFileType = file.xib; path = DatePickerView.xib; sourceTree = "<group>"; };
		E899299A1C7C8192006B3631 /* WorkMailApp.app */ = {isa = PBXFileReference; explicitFileType = wrapper.application; includeInIndex = 0; path = WorkMailApp.app; sourceTree = BUILT_PRODUCTS_DIR; };
		E899299E1C7C8192006B3631 /* main.m */ = {isa = PBXFileReference; lastKnownFileType = sourcecode.c.objc; path = main.m; sourceTree = "<group>"; };
		E89929A01C7C8192006B3631 /* AppDelegate.h */ = {isa = PBXFileReference; lastKnownFileType = sourcecode.c.h; path = AppDelegate.h; sourceTree = "<group>"; };
		E89929A11C7C8192006B3631 /* AppDelegate.m */ = {isa = PBXFileReference; lastKnownFileType = sourcecode.c.objc; path = AppDelegate.m; sourceTree = "<group>"; };
		E89929A71C7C8192006B3631 /* Base */ = {isa = PBXFileReference; lastKnownFileType = file.storyboard; name = Base; path = Base.lproj/Main.storyboard; sourceTree = "<group>"; };
		E89929A91C7C8192006B3631 /* Assets.xcassets */ = {isa = PBXFileReference; lastKnownFileType = folder.assetcatalog; path = Assets.xcassets; sourceTree = "<group>"; };
		E89929AC1C7C8192006B3631 /* Base */ = {isa = PBXFileReference; lastKnownFileType = file.storyboard; name = Base; path = Base.lproj/LaunchScreen.storyboard; sourceTree = "<group>"; };
		E89929AE1C7C8192006B3631 /* Info.plist */ = {isa = PBXFileReference; lastKnownFileType = text.plist.xml; path = Info.plist; sourceTree = "<group>"; };
		EDE2CFF61C7D241D006D0384 /* WorkMailAppUITests.xctest */ = {isa = PBXFileReference; explicitFileType = wrapper.cfbundle; includeInIndex = 0; path = WorkMailAppUITests.xctest; sourceTree = BUILT_PRODUCTS_DIR; };
		EDE2CFFA1C7D241D006D0384 /* Info.plist */ = {isa = PBXFileReference; lastKnownFileType = text.plist.xml; path = Info.plist; sourceTree = "<group>"; };
		EDE2D0001C7D2505006D0384 /* WorkMailDelayUITests.m */ = {isa = PBXFileReference; fileEncoding = 4; lastKnownFileType = sourcecode.c.objc; path = WorkMailDelayUITests.m; sourceTree = "<group>"; };
/* End PBXFileReference section */

/* Begin PBXFrameworksBuildPhase section */
		E89929971C7C8192006B3631 /* Frameworks */ = {
			isa = PBXFrameworksBuildPhase;
			buildActionMask = 2147483647;
			files = (
				E8513F531C7C9DF300C29D6C /* MessageUI.framework in Frameworks */,
			);
			runOnlyForDeploymentPostprocessing = 0;
		};
		EDE2CFF31C7D241D006D0384 /* Frameworks */ = {
			isa = PBXFrameworksBuildPhase;
			buildActionMask = 2147483647;
			files = (
			);
			runOnlyForDeploymentPostprocessing = 0;
		};
/* End PBXFrameworksBuildPhase section */

/* Begin PBXGroup section */
		E828A32E1C7CAF3A0048A472 /* Home */ = {
			isa = PBXGroup;
			children = (
				E828A32F1C7CAF510048A472 /* HomeViewController.h */,
				E828A3301C7CAF510048A472 /* HomeViewController.m */,
			);
			path = Home;
			sourceTree = "<group>";
		};
		E8513F4E1C7C9B9300C29D6C /* Extensions */ = {
			isa = PBXGroup;
			children = (
				E8513F4F1C7C9BA700C29D6C /* NSDateFormatter+WorkMailApp.h */,
				E8513F501C7C9BA700C29D6C /* NSDateFormatter+WorkMailApp.m */,
			);
			path = Extensions;
			sourceTree = "<group>";
		};
		E8513F571C7C9FE900C29D6C /* MailTextComposer */ = {
			isa = PBXGroup;
			children = (
				E8513F581C7C9FE900C29D6C /* MailTextComposer.h */,
				E8513F591C7C9FE900C29D6C /* MailTextComposer.m */,
			);
			path = MailTextComposer;
			sourceTree = "<group>";
		};
		E8513F5B1C7CA93C00C29D6C /* Preferences */ = {
			isa = PBXGroup;
			children = (
				E8513F5C1C7CA94900C29D6C /* Preferences.h */,
				E8513F5D1C7CA94900C29D6C /* Preferences.m */,
			);
			path = Preferences;
			sourceTree = "<group>";
		};
		E885DF561C7C8BCE008E4F3B /* MailTextComposer */ = {
			isa = PBXGroup;
			children = (
				E885DF571C7C8BDF008E4F3B /* MailTextComposerViewController.h */,
				E885DF581C7C8BDF008E4F3B /* MailTextComposerViewController.m */,
			);
			path = MailTextComposer;
			sourceTree = "<group>";
		};
		E885DF5D1C7C90E8008E4F3B /* DatePickerView */ = {
			isa = PBXGroup;
			children = (
				E885DF611C7C90FC008E4F3B /* DatePickerView.h */,
				E885DF621C7C90FC008E4F3B /* DatePickerView.m */,
				E885DF631C7C90FC008E4F3B /* DatePickerView.xib */,
			);
			path = DatePickerView;
			sourceTree = "<group>";
		};
		E89929911C7C8192006B3631 = {
			isa = PBXGroup;
			children = (
				E8513F521C7C9DF300C29D6C /* MessageUI.framework */,
				E899299C1C7C8192006B3631 /* WorkMailApp */,
				EDE2CFF71C7D241D006D0384 /* WorkMailAppUITests */,
				E899299B1C7C8192006B3631 /* Products */,
			);
			sourceTree = "<group>";
		};
		E899299B1C7C8192006B3631 /* Products */ = {
			isa = PBXGroup;
			children = (
				E899299A1C7C8192006B3631 /* WorkMailApp.app */,
				EDE2CFF61C7D241D006D0384 /* WorkMailAppUITests.xctest */,
			);
			name = Products;
			sourceTree = "<group>";
		};
		E899299C1C7C8192006B3631 /* WorkMailApp */ = {
			isa = PBXGroup;
			children = (
				E8513F5B1C7CA93C00C29D6C /* Preferences */,
				E8513F571C7C9FE900C29D6C /* MailTextComposer */,
				E8513F4E1C7C9B9300C29D6C /* Extensions */,
				E89929B41C7C893D006B3631 /* Controllers */,
				E89929B51C7C893D006B3631 /* Views */,
				E89929A01C7C8192006B3631 /* AppDelegate.h */,
				E89929A11C7C8192006B3631 /* AppDelegate.m */,
				E89929A61C7C8192006B3631 /* Main.storyboard */,
				E89929A91C7C8192006B3631 /* Assets.xcassets */,
				E89929AB1C7C8192006B3631 /* LaunchScreen.storyboard */,
				E89929AE1C7C8192006B3631 /* Info.plist */,
				E899299D1C7C8192006B3631 /* Supporting Files */,
			);
			path = WorkMailApp;
			sourceTree = "<group>";
		};
		E899299D1C7C8192006B3631 /* Supporting Files */ = {
			isa = PBXGroup;
			children = (
				E899299E1C7C8192006B3631 /* main.m */,
			);
			name = "Supporting Files";
			sourceTree = "<group>";
		};
		E89929B41C7C893D006B3631 /* Controllers */ = {
			isa = PBXGroup;
			children = (
				E828A32E1C7CAF3A0048A472 /* Home */,
				E885DF561C7C8BCE008E4F3B /* MailTextComposer */,
			);
			path = Controllers;
			sourceTree = "<group>";
		};
		E89929B51C7C893D006B3631 /* Views */ = {
			isa = PBXGroup;
			children = (
				E885DF5D1C7C90E8008E4F3B /* DatePickerView */,
			);
			path = Views;
			sourceTree = "<group>";
		};
		EDE2CFF71C7D241D006D0384 /* WorkMailAppUITests */ = {
			isa = PBXGroup;
			children = (
				EDE2CFFA1C7D241D006D0384 /* Info.plist */,
				EDE2D0001C7D2505006D0384 /* WorkMailDelayUITests.m */,
			);
			path = WorkMailAppUITests;
			sourceTree = "<group>";
		};
/* End PBXGroup section */

/* Begin PBXNativeTarget section */
		E89929991C7C8192006B3631 /* WorkMailApp */ = {
			isa = PBXNativeTarget;
			buildConfigurationList = E89929B11C7C8192006B3631 /* Build configuration list for PBXNativeTarget "WorkMailApp" */;
			buildPhases = (
				E89929961C7C8192006B3631 /* Sources */,
				E89929971C7C8192006B3631 /* Frameworks */,
				E89929981C7C8192006B3631 /* Resources */,
			);
			buildRules = (
			);
			dependencies = (
			);
			name = WorkMailApp;
			productName = WorkMailApp;
			productReference = E899299A1C7C8192006B3631 /* WorkMailApp.app */;
			productType = "com.apple.product-type.application";
		};
		EDE2CFF51C7D241D006D0384 /* WorkMailAppUITests */ = {
			isa = PBXNativeTarget;
			buildConfigurationList = EDE2CFFF1C7D241D006D0384 /* Build configuration list for PBXNativeTarget "WorkMailAppUITests" */;
			buildPhases = (
				EDE2CFF21C7D241D006D0384 /* Sources */,
				EDE2CFF31C7D241D006D0384 /* Frameworks */,
				EDE2CFF41C7D241D006D0384 /* Resources */,
			);
			buildRules = (
			);
			dependencies = (
				EDE2CFFC1C7D241D006D0384 /* PBXTargetDependency */,
			);
			name = WorkMailAppUITests;
			productName = WorkMailAppUITests;
			productReference = EDE2CFF61C7D241D006D0384 /* WorkMailAppUITests.xctest */;
			productType = "com.apple.product-type.bundle.ui-testing";
		};
/* End PBXNativeTarget section */

/* Begin PBXProject section */
		E89929921C7C8192006B3631 /* Project object */ = {
			isa = PBXProject;
			attributes = {
				LastUpgradeCheck = 0720;
				ORGANIZATIONNAME = "Kirill Ushkov";
				TargetAttributes = {
					E89929991C7C8192006B3631 = {
						CreatedOnToolsVersion = 7.2.1;
					};
					EDE2CFF51C7D241D006D0384 = {
						CreatedOnToolsVersion = 7.2.1;
						TestTargetID = E89929991C7C8192006B3631;
					};
				};
			};
			buildConfigurationList = E89929951C7C8192006B3631 /* Build configuration list for PBXProject "WorkMailApp" */;
			compatibilityVersion = "Xcode 3.2";
			developmentRegion = English;
			hasScannedForEncodings = 0;
			knownRegions = (
				en,
				Base,
			);
			mainGroup = E89929911C7C8192006B3631;
			productRefGroup = E899299B1C7C8192006B3631 /* Products */;
			projectDirPath = "";
			projectRoot = "";
			targets = (
				E89929991C7C8192006B3631 /* WorkMailApp */,
				EDE2CFF51C7D241D006D0384 /* WorkMailAppUITests */,
			);
		};
/* End PBXProject section */

/* Begin PBXResourcesBuildPhase section */
		E89929981C7C8192006B3631 /* Resources */ = {
			isa = PBXResourcesBuildPhase;
			buildActionMask = 2147483647;
			files = (
				E885DF651C7C90FC008E4F3B /* DatePickerView.xib in Resources */,
				E89929AD1C7C8192006B3631 /* LaunchScreen.storyboard in Resources */,
				E89929AA1C7C8192006B3631 /* Assets.xcassets in Resources */,
				E89929A81C7C8192006B3631 /* Main.storyboard in Resources */,
			);
			runOnlyForDeploymentPostprocessing = 0;
		};
		EDE2CFF41C7D241D006D0384 /* Resources */ = {
			isa = PBXResourcesBuildPhase;
			buildActionMask = 2147483647;
			files = (
			);
			runOnlyForDeploymentPostprocessing = 0;
		};
/* End PBXResourcesBuildPhase section */

/* Begin PBXSourcesBuildPhase section */
		E89929961C7C8192006B3631 /* Sources */ = {
			isa = PBXSourcesBuildPhase;
			buildActionMask = 2147483647;
			files = (
				E885DF591C7C8BDF008E4F3B /* MailTextComposerViewController.m in Sources */,
				E89929A21C7C8192006B3631 /* AppDelegate.m in Sources */,
				E899299F1C7C8192006B3631 /* main.m in Sources */,
				E8513F5E1C7CA94900C29D6C /* Preferences.m in Sources */,
				E8513F5A1C7C9FE900C29D6C /* MailTextComposer.m in Sources */,
				E8513F511C7C9BA700C29D6C /* NSDateFormatter+WorkMailApp.m in Sources */,
				E885DF641C7C90FC008E4F3B /* DatePickerView.m in Sources */,
				E828A3311C7CAF510048A472 /* HomeViewController.m in Sources */,
			);
			runOnlyForDeploymentPostprocessing = 0;
		};
		EDE2CFF21C7D241D006D0384 /* Sources */ = {
			isa = PBXSourcesBuildPhase;
			buildActionMask = 2147483647;
			files = (
				EDE2D0011C7D2505006D0384 /* WorkMailDelayUITests.m in Sources */,
			);
			runOnlyForDeploymentPostprocessing = 0;
		};
/* End PBXSourcesBuildPhase section */

/* Begin PBXTargetDependency section */
		EDE2CFFC1C7D241D006D0384 /* PBXTargetDependency */ = {
			isa = PBXTargetDependency;
			target = E89929991C7C8192006B3631 /* WorkMailApp */;
			targetProxy = EDE2CFFB1C7D241D006D0384 /* PBXContainerItemProxy */;
		};
/* End PBXTargetDependency section */

/* Begin PBXVariantGroup section */
		E89929A61C7C8192006B3631 /* Main.storyboard */ = {
			isa = PBXVariantGroup;
			children = (
				E89929A71C7C8192006B3631 /* Base */,
			);
			name = Main.storyboard;
			sourceTree = "<group>";
		};
		E89929AB1C7C8192006B3631 /* LaunchScreen.storyboard */ = {
			isa = PBXVariantGroup;
			children = (
				E89929AC1C7C8192006B3631 /* Base */,
			);
			name = LaunchScreen.storyboard;
			sourceTree = "<group>";
		};
/* End PBXVariantGroup section */

/* Begin XCBuildConfiguration section */
		E89929AF1C7C8192006B3631 /* Debug */ = {
			isa = XCBuildConfiguration;
			buildSettings = {
				ALWAYS_SEARCH_USER_PATHS = NO;
				CLANG_CXX_LANGUAGE_STANDARD = "gnu++0x";
				CLANG_CXX_LIBRARY = "libc++";
				CLANG_ENABLE_MODULES = YES;
				CLANG_ENABLE_OBJC_ARC = YES;
				CLANG_WARN_BOOL_CONVERSION = YES;
				CLANG_WARN_CONSTANT_CONVERSION = YES;
				CLANG_WARN_DIRECT_OBJC_ISA_USAGE = YES_ERROR;
				CLANG_WARN_EMPTY_BODY = YES;
				CLANG_WARN_ENUM_CONVERSION = YES;
				CLANG_WARN_INT_CONVERSION = YES;
				CLANG_WARN_OBJC_ROOT_CLASS = YES_ERROR;
				CLANG_WARN_UNREACHABLE_CODE = YES;
				CLANG_WARN__DUPLICATE_METHOD_MATCH = YES;
				"CODE_SIGN_IDENTITY[sdk=iphoneos*]" = "iPhone Developer";
				COPY_PHASE_STRIP = NO;
				DEBUG_INFORMATION_FORMAT = dwarf;
				ENABLE_STRICT_OBJC_MSGSEND = YES;
				ENABLE_TESTABILITY = YES;
				GCC_C_LANGUAGE_STANDARD = gnu99;
				GCC_DYNAMIC_NO_PIC = NO;
				GCC_NO_COMMON_BLOCKS = YES;
				GCC_OPTIMIZATION_LEVEL = 0;
				GCC_PREPROCESSOR_DEFINITIONS = (
					"DEBUG=1",
					"$(inherited)",
				);
				GCC_WARN_64_TO_32_BIT_CONVERSION = YES;
				GCC_WARN_ABOUT_RETURN_TYPE = YES_ERROR;
				GCC_WARN_UNDECLARED_SELECTOR = YES;
				GCC_WARN_UNINITIALIZED_AUTOS = YES_AGGRESSIVE;
				GCC_WARN_UNUSED_FUNCTION = YES;
				GCC_WARN_UNUSED_VARIABLE = YES;
				IPHONEOS_DEPLOYMENT_TARGET = 9.2;
				MTL_ENABLE_DEBUG_INFO = YES;
				ONLY_ACTIVE_ARCH = YES;
				SDKROOT = iphoneos;
			};
			name = Debug;
		};
		E89929B01C7C8192006B3631 /* Release */ = {
			isa = XCBuildConfiguration;
			buildSettings = {
				ALWAYS_SEARCH_USER_PATHS = NO;
				CLANG_CXX_LANGUAGE_STANDARD = "gnu++0x";
				CLANG_CXX_LIBRARY = "libc++";
				CLANG_ENABLE_MODULES = YES;
				CLANG_ENABLE_OBJC_ARC = YES;
				CLANG_WARN_BOOL_CONVERSION = YES;
				CLANG_WARN_CONSTANT_CONVERSION = YES;
				CLANG_WARN_DIRECT_OBJC_ISA_USAGE = YES_ERROR;
				CLANG_WARN_EMPTY_BODY = YES;
				CLANG_WARN_ENUM_CONVERSION = YES;
				CLANG_WARN_INT_CONVERSION = YES;
				CLANG_WARN_OBJC_ROOT_CLASS = YES_ERROR;
				CLANG_WARN_UNREACHABLE_CODE = YES;
				CLANG_WARN__DUPLICATE_METHOD_MATCH = YES;
				"CODE_SIGN_IDENTITY[sdk=iphoneos*]" = "iPhone Developer";
				COPY_PHASE_STRIP = NO;
				DEBUG_INFORMATION_FORMAT = "dwarf-with-dsym";
				ENABLE_NS_ASSERTIONS = NO;
				ENABLE_STRICT_OBJC_MSGSEND = YES;
				GCC_C_LANGUAGE_STANDARD = gnu99;
				GCC_NO_COMMON_BLOCKS = YES;
				GCC_WARN_64_TO_32_BIT_CONVERSION = YES;
				GCC_WARN_ABOUT_RETURN_TYPE = YES_ERROR;
				GCC_WARN_UNDECLARED_SELECTOR = YES;
				GCC_WARN_UNINITIALIZED_AUTOS = YES_AGGRESSIVE;
				GCC_WARN_UNUSED_FUNCTION = YES;
				GCC_WARN_UNUSED_VARIABLE = YES;
				IPHONEOS_DEPLOYMENT_TARGET = 9.2;
				MTL_ENABLE_DEBUG_INFO = NO;
				SDKROOT = iphoneos;
				VALIDATE_PRODUCT = YES;
			};
			name = Release;
		};
		E89929B21C7C8192006B3631 /* Debug */ = {
			isa = XCBuildConfiguration;
			buildSettings = {
				ASSETCATALOG_COMPILER_APPICON_NAME = AppIcon;
				INFOPLIST_FILE = WorkMailApp/Info.plist;
				LD_RUNPATH_SEARCH_PATHS = "$(inherited) @executable_path/Frameworks";
				PRODUCT_BUNDLE_IDENTIFIER = itomy.ch.WorkMailApp;
				PRODUCT_NAME = "$(TARGET_NAME)";
			};
			name = Debug;
		};
		E89929B31C7C8192006B3631 /* Release */ = {
			isa = XCBuildConfiguration;
			buildSettings = {
				ASSETCATALOG_COMPILER_APPICON_NAME = AppIcon;
				INFOPLIST_FILE = WorkMailApp/Info.plist;
				LD_RUNPATH_SEARCH_PATHS = "$(inherited) @executable_path/Frameworks";
				PRODUCT_BUNDLE_IDENTIFIER = itomy.ch.WorkMailApp;
				PRODUCT_NAME = "$(TARGET_NAME)";
			};
			name = Release;
		};
		EDE2CFFD1C7D241D006D0384 /* Debug */ = {
			isa = XCBuildConfiguration;
			buildSettings = {
				INFOPLIST_FILE = WorkMailAppUITests/Info.plist;
				LD_RUNPATH_SEARCH_PATHS = "$(inherited) @executable_path/Frameworks @loader_path/Frameworks";
				PRODUCT_BUNDLE_IDENTIFIER = com.kirill.vocabulary.WorkMailAppUITests;
				PRODUCT_NAME = "$(TARGET_NAME)";
				TEST_TARGET_NAME = WorkMailApp;
				USES_XCTRUNNER = YES;
			};
			name = Debug;
		};
		EDE2CFFE1C7D241D006D0384 /* Release */ = {
			isa = XCBuildConfiguration;
			buildSettings = {
				INFOPLIST_FILE = WorkMailAppUITests/Info.plist;
				LD_RUNPATH_SEARCH_PATHS = "$(inherited) @executable_path/Frameworks @loader_path/Frameworks";
				PRODUCT_BUNDLE_IDENTIFIER = com.kirill.vocabulary.WorkMailAppUITests;
				PRODUCT_NAME = "$(TARGET_NAME)";
				TEST_TARGET_NAME = WorkMailApp;
				USES_XCTRUNNER = YES;
			};
			name = Release;
		};
/* End XCBuildConfiguration section */

/* Begin XCConfigurationList section */
		E89929951C7C8192006B3631 /* Build configuration list for PBXProject "WorkMailApp" */ = {
			isa = XCConfigurationList;
			buildConfigurations = (
				E89929AF1C7C8192006B3631 /* Debug */,
				E89929B01C7C8192006B3631 /* Release */,
			);
			defaultConfigurationIsVisible = 0;
			defaultConfigurationName = Release;
		};
		E89929B11C7C8192006B3631 /* Build configuration list for PBXNativeTarget "WorkMailApp" */ = {
			isa = XCConfigurationList;
			buildConfigurations = (
				E89929B21C7C8192006B3631 /* Debug */,
				E89929B31C7C8192006B3631 /* Release */,
			);
			defaultConfigurationIsVisible = 0;
			defaultConfigurationName = Release;
		};
		EDE2CFFF1C7D241D006D0384 /* Build configuration list for PBXNativeTarget "WorkMailAppUITests" */ = {
			isa = XCConfigurationList;
			buildConfigurations = (
				EDE2CFFD1C7D241D006D0384 /* Debug */,
				EDE2CFFE1C7D241D006D0384 /* Release */,
			);
			defaultConfigurationIsVisible = 0;
			defaultConfigurationName = Release;
		};
/* End XCConfigurationList section */
	};
	rootObject = E89929921C7C8192006B3631 /* Project object */;
}
